
Microsoft Visual Studio Solution File, Format Version 12.00
# Visual Studio Version 16
VisualStudioVersion = 16.0.30413.136
MinimumVisualStudioVersion = 10.0.40219.1
Project("{FAE04EC0-301F-11D3-BF4B-00C04F79EFBC}") = "IndividualLabAssignment", "IndividualLabAssignment.csproj", "{FBEA7E10-7B28-4FD0-AEEA-8D33E5204113}"
EndProject
Global
	GlobalSection(SolutionConfigurationPlatforms) = preSolution
		Debug|Any CPU = Debug|Any CPU
		Release|Any CPU = Release|Any CPU
	EndGlobalSection
	GlobalSection(ProjectConfigurationPlatforms) = postSolution
		{FBEA7E10-7B28-4FD0-AEEA-8D33E5204113}.Debug|Any CPU.ActiveCfg = Debug|Any CPU
		{FBEA7E10-7B28-4FD0-AEEA-8D33E5204113}.Debug|Any CPU.Build.0 = Debug|Any CPU
		{FBEA7E10-7B28-4FD0-AEEA-8D33E5204113}.Release|Any CPU.ActiveCfg = Release|Any CPU
		{FBEA7E10-7B28-4FD0-AEEA-8D33E5204113}.Release|Any CPU.Build.0 = Release|Any CPU
	EndGlobalSection
	GlobalSection(SolutionProperties) = preSolution
		HideSolutionNode = FALSE
	EndGlobalSection
	GlobalSection(ExtensibilityGlobals) = postSolution
		SolutionGuid = {C45585B4-C77D-4F67-B9B7-54B020249561}
	EndGlobalSection
EndGlobal
